
Microsoft Visual Studio Solution File, Format Version 12.00
# Visual Studio Version 16
VisualStudioVersion = 16.0.31729.503
MinimumVisualStudioVersion = 10.0.40219.1
Project("{FAE04EC0-301F-11D3-BF4B-00C04F79EFBC}") = "SSVSSA", "SSVSSA\SSVSSA.csproj", "{86EDED8E-2CEC-426A-888A-2A12059CA991}"
EndProject
Global
	GlobalSection(SolutionConfigurationPlatforms) = preSolution
		Debug|Any CPU = Debug|Any CPU
		Release|Any CPU = Release|Any CPU
	EndGlobalSection
	GlobalSection(ProjectConfigurationPlatforms) = postSolution
		{86EDED8E-2CEC-426A-888A-2A12059CA991}.Debug|Any CPU.ActiveCfg = Debug|Any CPU
		{86EDED8E-2CEC-426A-888A-2A12059CA991}.Debug|Any CPU.Build.0 = Debug|Any CPU
		{86EDED8E-2CEC-426A-888A-2A12059CA991}.Release|Any CPU.ActiveCfg = Release|Any CPU
		{86EDED8E-2CEC-426A-888A-2A12059CA991}.Release|Any CPU.Build.0 = Release|Any CPU
	EndGlobalSection
	GlobalSection(SolutionProperties) = preSolution
		HideSolutionNode = FALSE
	EndGlobalSection
	GlobalSection(ExtensibilityGlobals) = postSolution
		SolutionGuid = {34733687-BB47-4771-BEBF-8CA030776DAE}
	EndGlobalSection
EndGlobal
